version = 1
revision = 3
requires-python = ">=3.14"

[[package]]
name = "amandu-api"
version = "0.1.0"
source = { virtual = "." }
dependencies = [
    { name = "django" },
    { name = "django-cors-headers" },
    { name = "django-environ" },
    { name = "django-filter" },
    { name = "django-storages", extra = ["s3"] },
    { name = "djangorestframework" },
    { name = "djangorestframework-simplejwt" },
    { name = "gunicorn" },
    { name = "psycopg", extra = ["binary"] },
    { name = "redis" },
    { name = "whitenoise" },
]

[package.dev-dependencies]
dev = [
    { name = "djangorestframework-stubs" },
    { name = "pytest" },
    { name = "pytest-django" },
]

[package.metadata]
requires-dist = [
    { name = "django", specifier = ">=6.0.7" },
    { name = "django-cors-headers", specifier = ">=4.9.0" },
    { name = "django-environ", specifier = ">=0.14.0" },
    { name = "django-filter", specifier = ">=26.1" },
    { name = "django-storages", extras = ["s3"], specifier = ">=1.14.6" },
    { name = "djangorestframework", specifier = ">=3.17.1" },
    { name = "djangorestframework-simplejwt", specifier = ">=5.5.1" },
    { name = "gunicorn", specifier = ">=26.0.0" },
    { name = "psycopg", extras = ["binary"], specifier = ">=3.3.4" },
    { name = "redis", specifier = ">=8.0.1" },
    { name = "whitenoise", specifier = ">=6.12.0" },
]

[package.metadata.requires-dev]
dev = [
    { name = "djangorestframework-stubs", specifier = ">=3.17.0" },
    { name = "pytest", specifier = ">=9.1.1" },
    { name = "pytest-django", specifier = ">=4.12.0" },
]

[[package]]
name = "asgiref"
version = "3.12.1"
source = { registry = "https://pypi.org/simple" }
sdist = { url = "https://files.pythonhosted.org/packages/e6/26/3b59f2bdae5f640389becb1f673cded775287f5fc4f816309d9ca9a3f93d/asgiref-3.12.1.tar.gz", hash = "sha256:59dcb51c272ad209d59bed5708a64a333083e86017d7fcdd67498eeab7784340", size = 42378, upload-time = "2026-07-14T09:56:18.087Z" }
wheels = [
    { url = "https://files.pythonhosted.org/packages/c0/1b/54f4ad77cd8a584fa70746c47df988e002cf1ee1eba43364d46f87803647/asgiref-3.12.1-py3-none-any.whl", hash = "sha256:fe386d1c2bff7259ea95929266d12a8cf9a8b5a1c2598402967d8792e7a7c094", size = 25478, upload-time = "2026-07-14T09:56:16.926Z" },
]

[[package]]
name = "boto3"
version = "1.43.51"
source = { registry = "https://pypi.org/simple" }
dependencies = [
    { name = "botocore" },
    { name = "jmespath" },
    { name = "s3transfer" },
]
sdist = { url = "https://files.pythonhosted.org/packages/a2/4f/b93620c09e81b8dd28558e73862d7b61f938c5a9db9366fab4b0bb53512f/boto3-1.43.51.tar.gz", hash = "sha256:b5a416cc703db73b69b22bef563c89c1fb14a4b10a93628d3c7abc4dd1aaf979", size = 112649, upload-time = "2026-07-17T19:33:23.358Z" }
wheels = [
    { url = "https://files.pythonhosted.org/packages/85/7e/86204db9235f08e051a83e039ec5af209211e3ac51ed3644c4350c150b72/boto3-1.43.51-py3-none-any.whl", hash = "sha256:a97057bb609fd38c80448db6a93db770786775dabd651401debf09816d4553d7", size = 140030, upload-time = "2026-07-17T19:33:21.381Z" },
]

[[package]]
name = "botocore"
version = "1.43.51"
source = { registry = "https://pypi.org/simple" }
dependencies = [
    { name = "jmespath" },
    { name = "python-dateutil" },
    { name = "urllib3" },
]
sdist = { url = "https://files.pythonhosted.org/packages/e6/f5/5a6b4fe037ba689fd4a9eaf31af8b681e4c1eb82debc470d18dec99eac62/botocore-1.43.51.tar.gz", hash = "sha256:e0e5e88585fdb01dcb6b533ac2dd3f18d5d45092a14ccbfd330e3576a4152128", size = 15713861, upload-time = "2026-07-17T19:33:12.101Z" }
wheels = [
    { url = "https://files.pythonhosted.org/packages/38/ca/9080b2f261ad9209e4d790b4282951df46274f786edb5c416a27fb18f4c6/botocore-1.43.51-py3-none-any.whl", hash = "sha256:7c2c538c932bddc95834e177ce6f91dcc388c6a7934b4f8d0db13caa30e3e543", size = 15399252, upload-time = "2026-07-17T19:33:08.808Z" },
]

[[package]]
name = "colorama"
version = "0.4.6"
source = { registry = "https://pypi.org/simple" }
sdist = { url = "https://files.pythonhosted.org/packages/d8/53/6f443c9a4a8358a93a6792e2acffb9d9d5cb0a5cfd8802644b7b1c9a02e4/colorama-0.4.6.tar.gz", hash = "sha256:08695f5cb7ed6e0531a20572697297273c47b8cae5a63ffc6d6ed5c201be6e44", size = 27697, upload-time = "2022-10-25T02:36:22.414Z" }
wheels = [
    { url = "https://files.pythonhosted.org/packages/d1/d6/3965ed04c63042e047cb6a3e6ed1a63a35087b6a609aa3a15ed8ac56c221/colorama-0.4.6-py2.py3-none-any.whl", hash = "sha256:4f1d9991f5acc0ca119f9d443620b77f9d6b33703e51011c16baf57afb285fc6", size = 25335, upload-time = "2022-10-25T02:36:20.889Z" },
]

[[package]]
name = "django"
version = "6.0.7"
source = { registry = "https://pypi.org/simple" }
dependencies = [
    { name = "asgiref" },
    { name = "sqlparse" },
    { name = "tzdata", marker = "sys_platform == 'win32'" },
]
sdist = { url = "https://files.pythonhosted.org/packages/89/55/664f24ff81c9ea19cb7dfc851afeae1f3c2390c7aee01d4ded68b5c1580d/django-6.0.7.tar.gz", hash = "sha256:2998503fc083124fb58037084bfa00de323c7c743f05f1b4284e77bff0ab8890", size = 10921299, upload-time = "2026-07-07T13:51:26.485Z" }
wheels = [
    { url = "https://files.pythonhosted.org/packages/ba/ec/1ce5334b6a2c52ce619c23a0be8d366a57a0e080ebb2d88266e5c849157c/django-6.0.7-py3-none-any.whl", hash = "sha256:a037427c2288443a8c02a1b02295a31c239663aa682bc50b1976afb7cf6a769e", size = 8373344, upload-time = "2026-07-07T13:51:20.007Z" },
]

[[package]]
name = "django-cors-headers"
version = "4.9.0"
source = { registry = "https://pypi.org/simple" }
dependencies = [
    { name = "asgiref" },
    { name = "django" },
]
sdist = { url = "https://files.pythonhosted.org/packages/21/39/55822b15b7ec87410f34cd16ce04065ff390e50f9e29f31d6d116fc80456/django_cors_headers-4.9.0.tar.gz", hash = "sha256:fe5d7cb59fdc2c8c646ce84b727ac2bca8912a247e6e68e1fb507372178e59e8", size = 21458, upload-time = "2025-09-18T10:40:52.326Z" }
wheels = [
    { url = "https://files.pythonhosted.org/packages/30/d8/19ed1e47badf477d17fb177c1c19b5a21da0fd2d9f093f23be3fb86c5fab/django_cors_headers-4.9.0-py3-none-any.whl", hash = "sha256:15c7f20727f90044dcee2216a9fd7303741a864865f0c3657e28b7056f61b449", size = 12809, upload-time = "2025-09-18T10:40:50.843Z" },
]

[[package]]
name = "django-environ"
version = "0.14.0"
source = { registry = "https://pypi.org/simple" }
sdist = { url = "https://files.pythonhosted.org/packages/57/e1/4c4ddcf6e90f023e89edb1d92f9a7fffce61ad4b691df497f2f5c0be6e26/django_environ-0.14.0.tar.gz", hash = "sha256:b6c48d93b9d2ff8a3ea14099e90c35aa4f101c1b4d5f262dfee0d27b06742ed7", size = 60417, upload-time = "2026-06-18T22:49:55.847Z" }
wheels = [
    { url = "https://files.pythonhosted.org/packages/1a/fe/67b423fc30f16d10259e901320fbc121746bf168aaaad9043e6ebb0110c1/django_environ-0.14.0-py3-none-any.whl", hash = "sha256:8dbe8a57f0a540ab8abd6f54f230de5e99e3a2c9d797cb9caecb037bca3d47d8", size = 20934, upload-time = "2026-06-18T22:49:54.355Z" },
]

[[package]]
name = "django-filter"
version = "26.1"
source = { registry = "https://pypi.org/simple" }
dependencies = [
    { name = "django" },
]
sdist = { url = "https://files.pythonhosted.org/packages/cb/3e/563965173d4cbb5fc308087e7b3d11a115b7b67273d093622480b1e31f78/django_filter-26.1.tar.gz", hash = "sha256:66ea04031b068c77c86e1ac26ced7a3f8f13ce797f5795751707e3deefc58054", size = 144299, upload-time = "2026-07-11T09:27:02.767Z" }
wheels = [
    { url = "https://files.pythonhosted.org/packages/1f/01/afffed1e3c4540fb75bf550a18b6176a9f6371b5f3e52b69a28995b6480c/django_filter-26.1-py3-none-any.whl", hash = "sha256:7d98ef2899218e6242619b532cb1b95af14e09dfcf74844aecb550ad27b59ff2", size = 94069, upload-time = "2026-07-11T09:27:01.012Z" },
]

[[package]]
name = "django-storages"
version = "1.14.6"
source = { registry = "https://pypi.org/simple" }
dependencies = [
    { name = "django" },
]
sdist = { url = "https://files.pythonhosted.org/packages/ff/d6/2e50e378fff0408d558f36c4acffc090f9a641fd6e084af9e54d45307efa/django_storages-1.14.6.tar.gz", hash = "sha256:7a25ce8f4214f69ac9c7ce87e2603887f7ae99326c316bc8d2d75375e09341c9", size = 87587, upload-time = "2025-04-02T02:34:55.103Z" }
wheels = [
    { url = "https://files.pythonhosted.org/packages/1f/21/3cedee63417bc5553eed0c204be478071c9ab208e5e259e97287590194f1/django_storages-1.14.6-py3-none-any.whl", hash = "sha256:11b7b6200e1cb5ffcd9962bd3673a39c7d6a6109e8096f0e03d46fab3d3aabd9", size = 33095, upload-time = "2025-04-02T02:34:53.291Z" },
]

[package.optional-dependencies]
s3 = [
    { name = "boto3" },
]

[[package]]
name = "django-stubs"
version = "6.0.7"
source = { registry = "https://pypi.org/simple" }
dependencies = [
    { name = "django" },
    { name = "django-stubs-ext" },
    { name = "types-pyyaml" },
    { name = "typing-extensions" },
]
sdist = { url = "https://files.pythonhosted.org/packages/8a/90/087c6e424e705e05182e543ef6b366a59eb5c92ab008b0dbbba55f357a40/django_stubs-6.0.7.tar.gz", hash = "sha256:bc55431c0af745a64e39cf33a8d36c87dccbedeae2fe26fab47dd355270e8538", size = 282293, upload-time = "2026-07-14T10:08:27.122Z" }
wheels = [
    { url = "https://files.pythonhosted.org/packages/02/86/230ae6056221b543d63f7710d73967fe1c6840693540e99ea3c54f45859c/django_stubs-6.0.7-py3-none-any.whl", hash = "sha256:7ed9a14c438e589272ca04e966dee82a4d1ff7ca5c2171bc986c50a0d03ec35b", size = 547460, upload-time = "2026-07-14T10:08:25.626Z" },
]

[[package]]
name = "django-stubs-ext"
version = "6.0.7"
source = { registry = "https://pypi.org/simple" }
dependencies = [
    { name = "django" },
    { name = "typing-extensions" },
]
sdist = { url = "https://files.pythonhosted.org/packages/36/50/917f7224ea470e89cdcdc93d3dfe75b8391adf976cf12f2ecdb5f5d122be/django_stubs_ext-6.0.7.tar.gz", hash = "sha256:c3172c5126614fd2a44d0196b313b44c21f717cb09477ba52b447d41f4ce613e", size = 6665, upload-time = "2026-07-14T10:07:56.933Z" }
wheels = [
    { url = "https://files.pythonhosted.org/packages/83/65/4d73fce956b5ebf26449259664360e539fbe95f0e86be396c28b636ba72a/django_stubs_ext-6.0.7-py3-none-any.whl", hash = "sha256:53a9c7c5a7c7e718cc6308cfce1e7470f2cac0b9d38dbcd60fbfa82704f1d592", size = 10362, upload-time = "2026-07-14T10:07:55.653Z" },
]

[[package]]
name = "djangorestframework"
version = "3.17.1"
source = { registry = "https://pypi.org/simple" }
dependencies = [
    { name = "django" },
]
sdist = { url = "https://files.pythonhosted.org/packages/ca/d7/c016e69fac19ff8afdc89db9d31d9ae43ae031e4d1993b20aca179b8301a/djangorestframework-3.17.1.tar.gz", hash = "sha256:a6def5f447fe78ff853bff1d47a3c59bf38f5434b031780b351b0c73a62db1a5", size = 905742, upload-time = "2026-03-24T16:58:33.705Z" }
wheels = [
    { url = "https://files.pythonhosted.org/packages/5a/e1/2c516bdc83652b1a60c6119366ac2c0607b479ed05cd6093f916ca8928f8/djangorestframework-3.17.1-py3-none-any.whl", hash = "sha256:c3c74dd3e83a5a3efc37b3c18d92bd6f86a6791c7b7d4dff62bb068500e76457", size = 898844, upload-time = "2026-03-24T16:58:31.845Z" },
]

[[package]]
name = "djangorestframework-simplejwt"
version = "5.5.1"
source = { registry = "https://pypi.org/simple" }
dependencies = [
    { name = "django" },
    { name = "djangorestframework" },
    { name = "pyjwt" },
]
sdist = { url = "https://files.pythonhosted.org/packages/a8/27/2874a325c11112066139769f7794afae238a07ce6adf96259f08fd37a9d7/djangorestframework_simplejwt-5.5.1.tar.gz", hash = "sha256:e72c5572f51d7803021288e2057afcbd03f17fe11d484096f40a460abc76e87f", size = 101265, upload-time = "2025-07-21T16:52:25.026Z" }
wheels = [
    { url = "https://files.pythonhosted.org/packages/60/94/fdfb7b2f0b16cd3ed4d4171c55c1c07a2d1e3b106c5978c8ad0c15b4a48b/djangorestframework_simplejwt-5.5.1-py3-none-any.whl", hash = "sha256:2c30f3707053d384e9f315d11c2daccfcb548d4faa453111ca19a542b732e469", size = 107674, upload-time = "2025-07-21T16:52:07.493Z" },
]

[[package]]
name = "djangorestframework-stubs"
version = "3.17.0"
source = { registry = "https://pypi.org/simple" }
dependencies = [
    { name = "django-stubs" },
    { name = "types-pyyaml" },
    { name = "typing-extensions" },
]
sdist = { url = "https://files.pythonhosted.org/packages/9d/a1/45e25dab89b3dfc5da7a138f7e82aca4e970269c53a3fceed1e94b31d390/djangorestframework_stubs-3.17.0.tar.gz", hash = "sha256:74c0307cad304c03c15aee5955ec2fdeab0ac854b5bea569dc124892792e2b96", size = 33115, upload-time = "2026-05-13T18:58:36.554Z" }
wheels = [
    { url = "https://files.pythonhosted.org/packages/72/ff/6e27d4aea12f67d14e0c0ec41869307ae98ad3816858ddc2a56bc3f4e0b5/djangorestframework_stubs-3.17.0-py3-none-any.whl", hash = "sha256:babe2703f0401507780848439f49f76222a178b4fc73a6dcb30d0952a0a6dbc6", size = 57629, upload-time = "2026-05-13T18:58:34.779Z" },
]

[[package]]
name = "gunicorn"
version = "26.0.0"
source = { registry = "https://pypi.org/simple" }
dependencies = [
    { name = "packaging" },
]
sdist = { url = "https://files.pythonhosted.org/packages/6d/b7/a4a3f632f823e432ce6bc65f62961b7980c898c77f075a2f7118cb3846fe/gunicorn-26.0.0.tar.gz", hash = "sha256:ca9346f85e3a4aeeb64d491045c16b9a35647abd37ea15efe53080eb8b090baf", size = 727286, upload-time = "2026-05-05T06:38:25.529Z" }
wheels = [
    { url = "https://files.pythonhosted.org/packages/e6/40/9c2384fc2be4ad25dd4a49decd5ad9ea5a3639814c11bd40ab77cb9f0a14/gunicorn-26.0.0-py3-none-any.whl", hash = "sha256:40233d26a5f0d1872916188c276e21641155111c2853f0c2cd55260aec0d24fc", size = 212009, upload-time = "2026-05-05T06:38:23.007Z" },
]

[[package]]
name = "iniconfig"
version = "2.3.0"
source = { registry = "https://pypi.org/simple" }
sdist = { url = "https://files.pythonhosted.org/packages/72/34/14ca021ce8e5dfedc35312d08ba8bf51fdd999c576889fc2c24cb97f4f10/iniconfig-2.3.0.tar.gz", hash = "sha256:c76315c77db068650d49c5b56314774a7804df16fee4402c1f19d6d15d8c4730", size = 20503, upload-time = "2025-10-18T21:55:43.219Z" }
wheels = [
    { url = "https://files.pythonhosted.org/packages/cb/b1/3846dd7f199d53cb17f49cba7e651e9ce294d8497c8c150530ed11865bb8/iniconfig-2.3.0-py3-none-any.whl", hash = "sha256:f631c04d2c48c52b84d0d0549c99ff3859c98df65b3101406327ecc7d53fbf12", size = 7484, upload-time = "2025-10-18T21:55:41.639Z" },
]

[[package]]
name = "jmespath"
version = "1.1.0"
source = { registry = "https://pypi.org/simple" }
sdist = { url = "https://files.pythonhosted.org/packages/d3/59/322338183ecda247fb5d1763a6cbe46eff7222eaeebafd9fa65d4bf5cb11/jmespath-1.1.0.tar.gz", hash = "sha256:472c87d80f36026ae83c6ddd0f1d05d4e510134ed462851fd5f754c8c3cbb88d", size = 27377, upload-time = "2026-01-22T16:35:26.279Z" }
wheels = [
    { url = "https://files.pythonhosted.org/packages/14/2f/967ba146e6d58cf6a652da73885f52fc68001525b4197effc174321d70b4/jmespath-1.1.0-py3-none-any.whl", hash = "sha256:a5663118de4908c91729bea0acadca56526eb2698e83de10cd116ae0f4e97c64", size = 20419, upload-time = "2026-01-22T16:35:24.919Z" },
]

[[package]]
name = "packaging"
version = "26.2"
source = { registry = "https://pypi.org/simple" }
sdist = { url = "https://files.pythonhosted.org/packages/d7/f1/e7a6dd94a8d4a5626c03e4e99c87f241ba9e350cd9e6d75123f992427270/packaging-26.2.tar.gz", hash = "sha256:ff452ff5a3e828ce110190feff1178bb1f2ea2281fa2075aadb987c2fb221661", size = 228134, upload-time = "2026-04-24T20:15:23.917Z" }
wheels = [
    { url = "https://files.pythonhosted.org/packages/df/b2/87e62e8c3e2f4b32e5fe99e0b86d576da1312593b39f47d8ceef365e95ed/packaging-26.2-py3-none-any.whl", hash = "sha256:5fc45236b9446107ff2415ce77c807cee2862cb6fac22b8a73826d0693b0980e", size = 100195, upload-time = "2026-04-24T20:15:22.081Z" },
]

[[package]]
name = "pluggy"
version = "1.6.0"
source = { registry = "https://pypi.org/simple" }
sdist = { url = "https://files.pythonhosted.org/packages/f9/e2/3e91f31a7d2b083fe6ef3fa267035b518369d9511ffab804f839851d2779/pluggy-1.6.0.tar.gz", hash = "sha256:7dcc130b76258d33b90f61b658791dede3486c3e6bfb003ee5c9bfb396dd22f3", size = 69412, upload-time = "2025-05-15T12:30:07.975Z" }
wheels = [
    { url = "https://files.pythonhosted.org/packages/54/20/4d324d65cc6d9205fabedc306948156824eb9f0ee1633355a8f7ec5c66bf/pluggy-1.6.0-py3-none-any.whl", hash = "sha256:e920276dd6813095e9377c0bc5566d94c932c33b27a3e3945d8389c374dd4746", size = 20538, upload-time = "2025-05-15T12:30:06.134Z" },
]

[[package]]
name = "psycopg"
version = "3.3.4"
source = { registry = "https://pypi.org/simple" }
dependencies = [
    { name = "tzdata", marker = "sys_platform == 'win32'" },
]
sdist = { url = "https://files.pythonhosted.org/packages/db/2f/cb91e5502ec9de1de6f1b76cfbf69531932725361168bb06963620c77e2e/psycopg-3.3.4.tar.gz", hash = "sha256:e21207764952cff81b6b8bdacad9a3939f2793367fdac2987b3aac36a651b5bc", size = 165799, upload-time = "2026-05-01T23:31:55.179Z" }
wheels = [
    { url = "https://files.pythonhosted.org/packages/5c/e0/7b3dee031daae7743609ce3c746565d4a3ed7c2c186479eb48e34e838c64/psycopg-3.3.4-py3-none-any.whl", hash = "sha256:b6bbc25ccf05c8fad3b061d9db2ef0909a555171b84b07f29458a447253d679a", size = 213001, upload-time = "2026-05-01T23:20:50.816Z" },
]

[package.optional-dependencies]
binary = [
    { name = "psycopg-binary", marker = "implementation_name != 'pypy'" },
]

[[package]]
name = "psycopg-binary"
version = "3.3.4"
source = { registry = "https://pypi.org/simple" }
wheels = [
    { url = "https://files.pythonhosted.org/packages/48/a6/828c9185701dab71b234c2a76c38a08b098ebfec5020716b4e93807492b5/psycopg_binary-3.3.4-cp314-cp314-macosx_10_15_x86_64.whl", hash = "sha256:28b7398fdd19db3232c884fb24550bdfe951221f510e195e233299e4c9b78f97", size = 4607292, upload-time = "2026-05-01T23:30:38.962Z" },
    { url = "https://files.pythonhosted.org/packages/92/58/5b40dbc9d839045c9dae956960e4fb6d20bcabe6c59a2aa34fc3a371913f/psycopg_binary-3.3.4-cp314-cp314-macosx_11_0_arm64.whl", hash = "sha256:1fbaa292a3c8bb61b45df1ad3da1908ccee7cb889db9425e3557d9e34e2a4829", size = 4687023, upload-time = "2026-05-01T23:30:47.227Z" },
    { url = "https://files.pythonhosted.org/packages/85/a9/793f0ac107a9003b48441d0d1f9f616d96e0f37458dd8dc12528ceff55fb/psycopg_binary-3.3.4-cp314-cp314-manylinux2014_ppc64le.manylinux_2_17_ppc64le.whl", hash = "sha256:94596f9e7633ee3f6440711d43bb70aa31cc0a46a900ab8b4201a366ace5c9e7", size = 5486985, upload-time = "2026-05-01T23:30:55.517Z" },
    { url = "https://files.pythonhosted.org/packages/8f/26/42e8533497e2592334f68ec529cf5f840f7fa4e99575a4bb61aa184dbfbf/psycopg_binary-3.3.4-cp314-cp314-manylinux2014_x86_64.manylinux_2_17_x86_64.whl", hash = "sha256:8c0056529e68dbe9184cd4019a1f3d8f3a4ead2f6fc7a5afcf27d3314edd1277", size = 5168745, upload-time = "2026-05-01T23:31:01.904Z" },
    { url = "https://files.pythonhosted.org/packages/15/af/b7151776cc08d5935d45c833ec818a9beb417cf7c08239af1aafbdae78ee/psycopg_binary-3.3.4-cp314-cp314-manylinux_2_27_aarch64.manylinux_2_28_aarch64.whl", hash = "sha256:2c09aad7051326e7603c14e50636db9c01f78272dc54b3accff03d46370461e6", size = 6761486, upload-time = "2026-05-01T23:31:14.511Z" },
    { url = "https://files.pythonhosted.org/packages/d0/ed/c92533b9124712d592cbf1cd6c76da933a2e0acea81dfe1fbe7e735f0cff/psycopg_binary-3.3.4-cp314-cp314-manylinux_2_38_riscv64.manylinux_2_39_riscv64.whl", hash = "sha256:514404ed543efd620c85602b747df2a23cf1241b4067199e1a66f2d2757aaa41", size = 4997427, upload-time = "2026-05-01T23:31:20.901Z" },
    { url = "https://files.pythonhosted.org/packages/a2/23/ccadfd0de416aa188356daa199453af24087b042e296088706d190ae0295/psycopg_binary-3.3.4-cp314-cp314-musllinux_1_2_aarch64.whl", hash = "sha256:46893c26858be12cc49ca4226ed6a60b4bfccadd946b3bebb783a60b38788228", size = 4533549, upload-time = "2026-05-01T23:31:26.204Z" },
    { url = "https://files.pythonhosted.org/packages/fd/a0/c8f43cee36386f7bc891ab41a9d31ea07cf9826038e732da79f26b1e5f34/psycopg_binary-3.3.4-cp314-cp314-musllinux_1_2_ppc64le.whl", hash = "sha256:df1d567fc430f6df15c9fcf67d87685fc49bdb325adc0db5af1adfb2f44eb5c9", size = 4210256, upload-time = "2026-05-01T23:31:33.884Z" },
    { url = "https://files.pythonhosted.org/packages/4e/2c/c1547871be3790676e8868b38655496422f94f0978dfb66b74bdba2f1676/psycopg_binary-3.3.4-cp314-cp314-musllinux_1_2_riscv64.whl", hash = "sha256:6b9016b1714da4dd5ecaaa75b82098aa5a0b87854ce9b092e21c27c4ae23e014", size = 3946204, upload-time = "2026-05-01T23:31:39.626Z" },
    { url = "https://files.pythonhosted.org/packages/c4/b1/f6670f00fa7ea601584623f6c11602ab92117d83eaff885e0210f6de7418/psycopg_binary-3.3.4-cp314-cp314-musllinux_1_2_x86_64.whl", hash = "sha256:47c656a8a7ba6eb0cff1801a4caaa9c8bdc12d03080e273aff1c8ac39971a77e", size = 4255811, upload-time = "2026-05-01T23:31:44.986Z" },
    { url = "https://files.pythonhosted.org/packages/eb/e6/5fff07a70d1f945ed90ae131c3bd76cab32beff7c58c6db15ad5820b6d1f/psycopg_binary-3.3.4-cp314-cp314-win_amd64.whl", hash = "sha256:c37e024c07308cd06cf3ec51bfd0e7f6157585a4d84d1bce4a7f5f7913719bf8", size = 3666849, upload-time = "2026-05-01T23:31:51.165Z" },
]

[[package]]
name = "pygments"
version = "2.20.0"
source = { registry = "https://pypi.org/simple" }
sdist = { url = "https://files.pythonhosted.org/packages/c3/b2/bc9c9196916376152d655522fdcebac55e66de6603a76a02bca1b6414f6c/pygments-2.20.0.tar.gz", hash = "sha256:6757cd03768053ff99f3039c1a36d6c0aa0b263438fcab17520b30a303a82b5f", size = 4955991, upload-time = "2026-03-29T13:29:33.898Z" }
wheels = [
    { url = "https://files.pythonhosted.org/packages/f4/7e/a72dd26f3b0f4f2bf1dd8923c85f7ceb43172af56d63c7383eb62b332364/pygments-2.20.0-py3-none-any.whl", hash = "sha256:81a9e26dd42fd28a23a2d169d86d7ac03b46e2f8b59ed4698fb4785f946d0176", size = 1231151, upload-time = "2026-03-29T13:29:30.038Z" },
]

[[package]]
name = "pyjwt"
version = "2.13.0"
source = { registry = "https://pypi.org/simple" }
sdist = { url = "https://files.pythonhosted.org/packages/3b/81/58d0ac84e1ef3a3843791d6954d94c0b33d526c75eeb1efbce9d0a4c4077/pyjwt-2.13.0.tar.gz", hash = "sha256:41571c89ca91598c79e8ef18a2d07367d4810fbbd6f637794879baf1b7703423", size = 107515, upload-time = "2026-05-21T19:54:36.618Z" }
wheels = [
    { url = "https://files.pythonhosted.org/packages/a3/5e/ecf12fdb62546d64385c158514e9b2b671f7832108ef2ecd2020ce0af2d1/pyjwt-2.13.0-py3-none-any.whl", hash = "sha256:66adcc2aff09b3f1bbd95fc1e1577df8ac8723c978552fd43304c8a290ac5728", size = 31274, upload-time = "2026-05-21T19:54:35.362Z" },
]

[[package]]
name = "pytest"
version = "9.1.1"
source = { registry = "https://pypi.org/simple" }
dependencies = [
    { name = "colorama", marker = "sys_platform == 'win32'" },
    { name = "iniconfig" },
    { name = "packaging" },
    { name = "pluggy" },
    { name = "pygments" },
]
sdist = { url = "https://files.pythonhosted.org/packages/e4/47/b9efed96c114afcfa3c9d3fe98a76a1d14c74a9e266d397cf6eb64be5e01/pytest-9.1.1.tar.gz", hash = "sha256:1088fbde8f2b49d95a549a195707afa7a76a3ce9bcadc26b6d71f0ffda5fe313", size = 1636369, upload-time = "2026-06-19T10:58:32.857Z" }
wheels = [
    { url = "https://files.pythonhosted.org/packages/24/25/1de2678b631f5a49215c6c96fff41ba892b0a34df68d6d80292b1b48aa7f/pytest-9.1.1-py3-none-any.whl", hash = "sha256:37a86b45efb9a47a61a36449063e8e18d0cab3161329fc099eb21783169c4f0c", size = 386536, upload-time = "2026-06-19T10:58:31.347Z" },
]

[[package]]
name = "pytest-django"
version = "4.12.0"
source = { registry = "https://pypi.org/simple" }
dependencies = [
    { name = "pytest" },
]
sdist = { url = "https://files.pythonhosted.org/packages/13/2b/db9a193df89e5660137f5428063bcc2ced7ad790003b26974adf5c5ceb3b/pytest_django-4.12.0.tar.gz", hash = "sha256:df94ec819a83c8979c8f6de13d9cdfbe76e8c21d39473cfe2b40c9fc9be3c758", size = 91156, upload-time = "2026-02-14T18:40:49.235Z" }
wheels = [
    { url = "https://files.pythonhosted.org/packages/83/a5/41d091f697c09609e7ef1d5d61925494e0454ebf51de7de05f0f0a728f1d/pytest_django-4.12.0-py3-none-any.whl", hash = "sha256:3ff300c49f8350ba2953b90297d23bf5f589db69545f56f1ec5f8cff5da83e85", size = 26123, upload-time = "2026-02-14T18:40:47.381Z" },
]

[[package]]
name = "python-dateutil"
version = "2.9.0.post0"
source = { registry = "https://pypi.org/simple" }
dependencies = [
    { name = "six" },
]
sdist = { url = "https://files.pythonhosted.org/packages/66/c0/0c8b6ad9f17a802ee498c46e004a0eb49bc148f2fd230864601a86dcf6db/python-dateutil-2.9.0.post0.tar.gz", hash = "sha256:37dd54208da7e1cd875388217d5e00ebd4179249f90fb72437e91a35459a0ad3", size = 342432, upload-time = "2024-03-01T18:36:20.211Z" }
wheels = [
    { url = "https://files.pythonhosted.org/packages/ec/57/56b9bcc3c9c6a792fcbaf139543cee77261f3651ca9da0c93f5c1221264b/python_dateutil-2.9.0.post0-py2.py3-none-any.whl", hash = "sha256:a8b2bc7bffae282281c8140a97d3aa9c14da0b136dfe83f850eea9a5f7470427", size = 229892, upload-time = "2024-03-01T18:36:18.57Z" },
]

[[package]]
name = "redis"
version = "8.0.1"
source = { registry = "https://pypi.org/simple" }
sdist = { url = "https://files.pythonhosted.org/packages/cc/c3/928b290c2c0ca99ab96eea5b4ff8f30be8112b075301a7d3ba214a3c8c12/redis-8.0.1.tar.gz", hash = "sha256:afc5a7a2f5a084f5b1880dec548dd45be17db7e43c82a30d84f952aefb05cfb0", size = 5114170, upload-time = "2026-06-23T14:52:37.728Z" }
wheels = [
    { url = "https://files.pythonhosted.org/packages/fd/0a/c2345ebf1ebe70840ce3f6c6ee612f8fa749cfbd1b03069c53bf0c62aaad/redis-8.0.1-py3-none-any.whl", hash = "sha256:47daa35a058c23468d6437f17a8c76882cb316b838ef763036af99b96cedd743", size = 502406, upload-time = "2026-06-23T14:52:36.137Z" },
]

[[package]]
name = "s3transfer"
version = "0.19.1"
source = { registry = "https://pypi.org/simple" }
dependencies = [
    { name = "botocore" },
]
sdist = { url = "https://files.pythonhosted.org/packages/65/da/4bef7ce7bb989b222aa4785a413896dbec53306dfc59c6ce7d16a7ffbd6a/s3transfer-0.19.1.tar.gz", hash = "sha256:d3d6371dc3f1e5c5427b2b457bcf13bcf87bec334c95aed18642eae61f6926f3", size = 165354, upload-time = "2026-07-10T19:32:04.849Z" }
wheels = [
    { url = "https://files.pythonhosted.org/packages/24/23/e84c64ad0e8bc59cd1b2ef98def848deff0ef3456c542afe74d51e9e8c85/s3transfer-0.19.1-py3-none-any.whl", hash = "sha256:d5fd7005ee39307455ad5f310b5ea67f4b1960d7fed5b3671ee50c249de675de", size = 90072, upload-time = "2026-07-10T19:32:03.673Z" },
]

[[package]]
name = "six"
version = "1.17.0"
source = { registry = "https://pypi.org/simple" }
sdist = { url = "https://files.pythonhosted.org/packages/94/e7/b2c673351809dca68a0e064b6af791aa332cf192da575fd474ed7d6f16a2/six-1.17.0.tar.gz", hash = "sha256:ff70335d468e7eb6ec65b95b99d3a2836546063f63acc5171de367e834932a81", size = 34031, upload-time = "2024-12-04T17:35:28.174Z" }
wheels = [
    { url = "https://files.pythonhosted.org/packages/b7/ce/149a00dd41f10bc29e5921b496af8b574d8413afcd5e30dfa0ed46c2cc5e/six-1.17.0-py2.py3-none-any.whl", hash = "sha256:4721f391ed90541fddacab5acf947aa0d3dc7d27b2e1e8eda2be8970586c3274", size = 11050, upload-time = "2024-12-04T17:35:26.475Z" },
]

[[package]]
name = "sqlparse"
version = "0.5.5"
source = { registry = "https://pypi.org/simple" }
sdist = { url = "https://files.pythonhosted.org/packages/90/76/437d71068094df0726366574cf3432a4ed754217b436eb7429415cf2d480/sqlparse-0.5.5.tar.gz", hash = "sha256:e20d4a9b0b8585fdf63b10d30066c7c94c5d7a7ec47c889a2d83a3caa93ff28e", size = 120815, upload-time = "2025-12-19T07:17:45.073Z" }
wheels = [
    { url = "https://files.pythonhosted.org/packages/49/4b/359f28a903c13438ef59ebeee215fb25da53066db67b305c125f1c6d2a25/sqlparse-0.5.5-py3-none-any.whl", hash = "sha256:12a08b3bf3eec877c519589833aed092e2444e68240a3577e8e26148acc7b1ba", size = 46138, upload-time = "2025-12-19T07:17:46.573Z" },
]

[[package]]
name = "types-pyyaml"
version = "6.0.12.20260518"
source = { registry = "https://pypi.org/simple" }
sdist = { url = "https://files.pythonhosted.org/packages/b8/83/4a1afc3fbfcf5b8d46fc390cd95ed6b0dc9010a265f4e9f46314efffa37a/types_pyyaml-6.0.12.20260518.tar.gz", hash = "sha256:d917f83fb38462550338c1297faedd860b3ec83912b96b1e3d73255f7473e466", size = 17850, upload-time = "2026-05-18T06:01:58.675Z" }
wheels = [
    { url = "https://files.pythonhosted.org/packages/06/a2/c01db32be2ae7d6a1689972f3c492b149ee4e164b12fdfd9f64b50888215/types_pyyaml-6.0.12.20260518-py3-none-any.whl", hash = "sha256:d2150f75a231c9fe9c7463bd29487d93e60bac90400287351384bc2284eba7cd", size = 20312, upload-time = "2026-05-18T06:01:57.368Z" },
]

[[package]]
name = "typing-extensions"
version = "4.16.0"
source = { registry = "https://pypi.org/simple" }
sdist = { url = "https://files.pythonhosted.org/packages/f6/cc/6253133b5bb138fc3306cebfbda2c520f545d36b5be2c7255cc528bb45d6/typing_extensions-4.16.0.tar.gz", hash = "sha256:dc983d19a509c94dba722ee6abd33940f7c05a89e243c47e907eb4db6f1a43e5", size = 113555, upload-time = "2026-07-02T08:40:05.92Z" }
wheels = [
    { url = "https://files.pythonhosted.org/packages/49/d3/b8441a820a491ddfc024b0b0cf0393375b75ea13866d9c66727e54c2fc80/typing_extensions-4.16.0-py3-none-any.whl", hash = "sha256:481caa481374e813c1b176ada14e97f1f67a4539ce9cfeb3f350d78d6370c2e8", size = 45571, upload-time = "2026-07-02T08:40:04.659Z" },
]

[[package]]
name = "tzdata"
version = "2026.3"
source = { registry = "https://pypi.org/simple" }
sdist = { url = "https://files.pythonhosted.org/packages/92/ff/5a28bdfd8c3ebec42564ac7d0e54ca3db65044a9314a97f9564fa7a1e926/tzdata-2026.3.tar.gz", hash = "sha256:4a1518b8993086a7982523e071643f3c0e5f213e75b21318e78bcabfff9d1415", size = 198674, upload-time = "2026-07-10T08:50:37.887Z" }
wheels = [
    { url = "https://files.pythonhosted.org/packages/e5/6d/b53b99a9f2766d095985947a5782f1702cabb129a34f7a802d7197af832f/tzdata-2026.3-py2.py3-none-any.whl", hash = "sha256:dc096730c87af6cab1b171c9d532be840741ff5d459015e7f6947bd7d7e54931", size = 348168, upload-time = "2026-07-10T08:50:36.46Z" },
]

[[package]]
name = "urllib3"
version = "2.7.0"
source = { registry = "https://pypi.org/simple" }
sdist = { url = "https://files.pythonhosted.org/packages/53/0c/06f8b233b8fd13b9e5ee11424ef85419ba0d8ba0b3138bf360be2ff56953/urllib3-2.7.0.tar.gz", hash = "sha256:231e0ec3b63ceb14667c67be60f2f2c40a518cb38b03af60abc813da26505f4c", size = 433602, upload-time = "2026-05-07T16:13:18.596Z" }
wheels = [
    { url = "https://files.pythonhosted.org/packages/7f/3e/5db95bcf282c52709639744ca2a8b149baccf648e39c8cc87553df9eae0c/urllib3-2.7.0-py3-none-any.whl", hash = "sha256:9fb4c81ebbb1ce9531cce37674bbc6f1360472bc18ca9a553ede278ef7276897", size = 131087, upload-time = "2026-05-07T16:13:17.151Z" },
]

[[package]]
name = "whitenoise"
version = "6.12.0"
source = { registry = "https://pypi.org/simple" }
sdist = { url = "https://files.pythonhosted.org/packages/cb/2a/55b3f3a4ec326cd077c1c3defeee656b9298372a69229134d930151acd01/whitenoise-6.12.0.tar.gz", hash = "sha256:f723ebb76a112e98816ff80fcea0a6c9b8ecde835f8ddda25df7a30a3c2db6ad", size = 26841, upload-time = "2026-02-27T00:05:42.028Z" }
wheels = [
    { url = "https://files.pythonhosted.org/packages/db/eb/d5583a11486211f3ebd4b385545ae787f32363d453c19fffd81106c9c138/whitenoise-6.12.0-py3-none-any.whl", hash = "sha256:fc5e8c572e33ebf24795b47b6a7da8da3c00cff2349f5b04c02f28d0cc5a3cc2", size = 20302, upload-time = "2026-02-27T00:05:40.086Z" },
]
